
Microsoft Visual Studio Solution File, Format Version 12.00
# Visual Studio Version 16
VisualStudioVersion = 25.0.1703.7
MinimumVisualStudioVersion = 10.0.40219.1
Project("{FAE04EC0-301F-11D3-BF4B-00C04F79EFBC}") = "Wordle", "Wordle\Wordle.csproj", "{8372E6D1-FF68-42A9-874C-5004ED5ECE56}"
EndProject
Global
	GlobalSection(SolutionConfigurationPlatforms) = preSolution
		Debug|Any CPU = Debug|Any CPU
		Release|Any CPU = Release|Any CPU
	EndGlobalSection
	GlobalSection(ProjectConfigurationPlatforms) = postSolution
		{8372E6D1-FF68-42A9-874C-5004ED5ECE56}.Debug|Any CPU.ActiveCfg = Debug|Any CPU
		{8372E6D1-FF68-42A9-874C-5004ED5ECE56}.Debug|Any CPU.Build.0 = Debug|Any CPU
		{8372E6D1-FF68-42A9-874C-5004ED5ECE56}.Release|Any CPU.ActiveCfg = Release|Any CPU
		{8372E6D1-FF68-42A9-874C-5004ED5ECE56}.Release|Any CPU.Build.0 = Release|Any CPU
	EndGlobalSection
	GlobalSection(SolutionProperties) = preSolution
		HideSolutionNode = FALSE
	EndGlobalSection
	GlobalSection(ExtensibilityGlobals) = postSolution
		SolutionGuid = {5066D661-BA1B-4EB3-9BFA-43AD7724E780}
	EndGlobalSection
EndGlobal
